// !$*UTF8*$!
{
	archiveVersion = 1;
	classes = {
	};
	objectVersion = 45;
	objects = {

/* Begin PBXBuildFile section */
		1D3623260D0F684500981E51 /* SynthAppDelegate.m in Sources */ = {isa = PBXBuildFile; fileRef = 1D3623250D0F684500981E51 /* SynthAppDelegate.m */; };
		1D60589B0D05DD56006BFB54 /* main.m in Sources */ = {isa = PBXBuildFile; fileRef = 29B97316FDCFA39411CA2CEA /* main.m */; };
		1D60589F0D05DD5A006BFB54 /* Foundation.framework in Frameworks */ = {isa = PBXBuildFile; fileRef = 1D30AB110D05D00D00671497 /* Foundation.framework */; };
		1DF5F4E00D08C38300B7A737 /* UIKit.framework in Frameworks */ = {isa = PBXBuildFile; fileRef = 1DF5F4DF0D08C38300B7A737 /* UIKit.framework */; };
		288765A50DF7441C002DB57D /* CoreGraphics.framework in Frameworks */ = {isa = PBXBuildFile; fileRef = 288765A40DF7441C002DB57D /* CoreGraphics.framework */; };
		2899E5220DE3E06400AC0155 /* SynthViewController.xib in Resources */ = {isa = PBXBuildFile; fileRef = 2899E5210DE3E06400AC0155 /* SynthViewController.xib */; };
		28D7ACF80DDB3853001CB0EB /* SynthViewController.m in Sources */ = {isa = PBXBuildFile; fileRef = 28D7ACF70DDB3853001CB0EB /* SynthViewController.m */; };
		701E45DD132310BD003F5C71 /* AudioToolbox.framework in Frameworks */ = {isa = PBXBuildFile; fileRef = 701E45DC132310BD003F5C71 /* AudioToolbox.framework */; };
		7077E1FF1323456D00E6FFA2 /* AVFoundation.framework in Frameworks */ = {isa = PBXBuildFile; fileRef = 7077E1FE1323456D00E6FFA2 /* AVFoundation.framework */; };
		7077E203132347A700E6FFA2 /* Oscillator.m in Sources */ = {isa = PBXBuildFile; fileRef = 7077E202132347A700E6FFA2 /* Oscillator.m */; };
		7077E2061323481E00E6FFA2 /* SineOscillator.m in Sources */ = {isa = PBXBuildFile; fileRef = 7077E2051323481E00E6FFA2 /* SineOscillator.m */; };
		7077E20913234A9F00E6FFA2 /* OscillatorController.m in Sources */ = {isa = PBXBuildFile; fileRef = 7077E20813234A9E00E6FFA2 /* OscillatorController.m */; };
		7077E21B1323714F00E6FFA2 /* OscillatorView.m in Sources */ = {isa = PBXBuildFile; fileRef = 7077E21A1323714F00E6FFA2 /* OscillatorView.m */; };
		7077E21D132375F500E6FFA2 /* circle.jpg in Resources */ = {isa = PBXBuildFile; fileRef = 7077E21C132375F500E6FFA2 /* circle.jpg */; };
		70E005BC132766C30081FB79 /* SquareOscillator.m in Sources */ = {isa = PBXBuildFile; fileRef = 70E005BB132766C30081FB79 /* SquareOscillator.m */; };
		70E005BF132766E50081FB79 /* TriangleOscillator.m in Sources */ = {isa = PBXBuildFile; fileRef = 70E005BE132766E50081FB79 /* TriangleOscillator.m */; };
		70E005C31327744A0081FB79 /* RadialMenuViewController.m in Sources */ = {isa = PBXBuildFile; fileRef = 70E005C1132774490081FB79 /* RadialMenuViewController.m */; };
		70E005C41327744A0081FB79 /* RadialMenuViewController.xib in Resources */ = {isa = PBXBuildFile; fileRef = 70E005C2132774490081FB79 /* RadialMenuViewController.xib */; };
/* End PBXBuildFile section */

/* Begin PBXFileReference section */
		1D30AB110D05D00D00671497 /* Foundation.framework */ = {isa = PBXFileReference; lastKnownFileType = wrapper.framework; name = Foundation.framework; path = System/Library/Frameworks/Foundation.framework; sourceTree = SDKROOT; };
		1D3623240D0F684500981E51 /* SynthAppDelegate.h */ = {isa = PBXFileReference; fileEncoding = 4; lastKnownFileType = sourcecode.c.h; path = SynthAppDelegate.h; sourceTree = "<group>"; };
		1D3623250D0F684500981E51 /* SynthAppDelegate.m */ = {isa = PBXFileReference; fileEncoding = 4; lastKnownFileType = sourcecode.c.objc; path = SynthAppDelegate.m; sourceTree = "<group>"; };
		1D6058910D05DD3D006BFB54 /* Synth.app */ = {isa = PBXFileReference; explicitFileType = wrapper.application; includeInIndex = 0; path = Synth.app; sourceTree = BUILT_PRODUCTS_DIR; };
		1DF5F4DF0D08C38300B7A737 /* UIKit.framework */ = {isa = PBXFileReference; lastKnownFileType = wrapper.framework; name = UIKit.framework; path = System/Library/Frameworks/UIKit.framework; sourceTree = SDKROOT; };
		288765A40DF7441C002DB57D /* CoreGraphics.framework */ = {isa = PBXFileReference; lastKnownFileType = wrapper.framework; name = CoreGraphics.framework; path = System/Library/Frameworks/CoreGraphics.framework; sourceTree = SDKROOT; };
		2899E5210DE3E06400AC0155 /* SynthViewController.xib */ = {isa = PBXFileReference; lastKnownFileType = file.xib; path = SynthViewController.xib; sourceTree = "<group>"; };
		28D7ACF60DDB3853001CB0EB /* SynthViewController.h */ = {isa = PBXFileReference; fileEncoding = 4; lastKnownFileType = sourcecode.c.h; path = SynthViewController.h; sourceTree = "<group>"; };
		28D7ACF70DDB3853001CB0EB /* SynthViewController.m */ = {isa = PBXFileReference; fileEncoding = 4; lastKnownFileType = sourcecode.c.objc; path = SynthViewController.m; sourceTree = "<group>"; };
		29B97316FDCFA39411CA2CEA /* main.m */ = {isa = PBXFileReference; fileEncoding = 4; lastKnownFileType = sourcecode.c.objc; path = main.m; sourceTree = "<group>"; };
		32CA4F630368D1EE00C91783 /* Synth_Prefix.pch */ = {isa = PBXFileReference; fileEncoding = 4; lastKnownFileType = sourcecode.c.h; path = Synth_Prefix.pch; sourceTree = "<group>"; };
		701E45DC132310BD003F5C71 /* AudioToolbox.framework */ = {isa = PBXFileReference; lastKnownFileType = wrapper.framework; name = AudioToolbox.framework; path = System/Library/Frameworks/AudioToolbox.framework; sourceTree = SDKROOT; };
		7077E1FE1323456D00E6FFA2 /* AVFoundation.framework */ = {isa = PBXFileReference; lastKnownFileType = wrapper.framework; name = AVFoundation.framework; path = System/Library/Frameworks/AVFoundation.framework; sourceTree = SDKROOT; };
		7077E201132347A700E6FFA2 /* Oscillator.h */ = {isa = PBXFileReference; fileEncoding = 4; lastKnownFileType = sourcecode.c.h; path = Oscillator.h; sourceTree = "<group>"; };
		7077E202132347A700E6FFA2 /* Oscillator.m */ = {isa = PBXFileReference; fileEncoding = 4; lastKnownFileType = sourcecode.c.objc; path = Oscillator.m; sourceTree = "<group>"; };
		7077E2041323481E00E6FFA2 /* SineOscillator.h */ = {isa = PBXFileReference; fileEncoding = 4; lastKnownFileType = sourcecode.c.h; path = SineOscillator.h; sourceTree = "<group>"; };
		7077E2051323481E00E6FFA2 /* SineOscillator.m */ = {isa = PBXFileReference; fileEncoding = 4; lastKnownFileType = sourcecode.c.objc; path = SineOscillator.m; sourceTree = "<group>"; };
		7077E20713234A9E00E6FFA2 /* OscillatorController.h */ = {isa = PBXFileReference; fileEncoding = 4; lastKnownFileType = sourcecode.c.h; path = OscillatorController.h; sourceTree = "<group>"; };
		7077E20813234A9E00E6FFA2 /* OscillatorController.m */ = {isa = PBXFileReference; fileEncoding = 4; lastKnownFileType = sourcecode.c.objc; path = OscillatorController.m; sourceTree = "<group>"; };
		7077E2191323714F00E6FFA2 /* OscillatorView.h */ = {isa = PBXFileReference; fileEncoding = 4; lastKnownFileType = sourcecode.c.h; path = OscillatorView.h; sourceTree = "<group>"; };
		7077E21A1323714F00E6FFA2 /* OscillatorView.m */ = {isa = PBXFileReference; fileEncoding = 4; lastKnownFileType = sourcecode.c.objc; path = OscillatorView.m; sourceTree = "<group>"; };
		7077E21C132375F500E6FFA2 /* circle.jpg */ = {isa = PBXFileReference; lastKnownFileType = image.jpeg; path = circle.jpg; sourceTree = "<group>"; };
		70E005BA132766C30081FB79 /* SquareOscillator.h */ = {isa = PBXFileReference; fileEncoding = 4; lastKnownFileType = sourcecode.c.h; path = SquareOscillator.h; sourceTree = "<group>"; };
		70E005BB132766C30081FB79 /* SquareOscillator.m */ = {isa = PBXFileReference; fileEncoding = 4; lastKnownFileType = sourcecode.c.objc; path = SquareOscillator.m; sourceTree = "<group>"; };
		70E005BD132766E50081FB79 /* TriangleOscillator.h */ = {isa = PBXFileReference; fileEncoding = 4; lastKnownFileType = sourcecode.c.h; path = TriangleOscillator.h; sourceTree = "<group>"; };
		70E005BE132766E50081FB79 /* TriangleOscillator.m */ = {isa = PBXFileReference; fileEncoding = 4; lastKnownFileType = sourcecode.c.objc; path = TriangleOscillator.m; sourceTree = "<group>"; };
		70E005C0132774490081FB79 /* RadialMenuViewController.h */ = {isa = PBXFileReference; fileEncoding = 4; lastKnownFileType = sourcecode.c.h; path = RadialMenuViewController.h; sourceTree = "<group>"; };
		70E005C1132774490081FB79 /* RadialMenuViewController.m */ = {isa = PBXFileReference; fileEncoding = 4; lastKnownFileType = sourcecode.c.objc; path = RadialMenuViewController.m; sourceTree = "<group>"; };
		70E005C2132774490081FB79 /* RadialMenuViewController.xib */ = {isa = PBXFileReference; fileEncoding = 4; lastKnownFileType = file.xib; path = RadialMenuViewController.xib; sourceTree = "<group>"; };
		8D1107310486CEB800E47090 /* Synth-Info.plist */ = {isa = PBXFileReference; fileEncoding = 4; lastKnownFileType = text.plist.xml; path = "Synth-Info.plist"; plistStructureDefinitionIdentifier = "com.apple.xcode.plist.structure-definition.iphone.info-plist"; sourceTree = "<group>"; };
/* End PBXFileReference section */

/* Begin PBXFrameworksBuildPhase section */
		1D60588F0D05DD3D006BFB54 /* Frameworks */ = {
			isa = PBXFrameworksBuildPhase;
			buildActionMask = 2147483647;
			files = (
				7077E1FF1323456D00E6FFA2 /* AVFoundation.framework in Frameworks */,
				1D60589F0D05DD5A006BFB54 /* Foundation.framework in Frameworks */,
				1DF5F4E00D08C38300B7A737 /* UIKit.framework in Frameworks */,
				288765A50DF7441C002DB57D /* CoreGraphics.framework in Frameworks */,
				701E45DD132310BD003F5C71 /* AudioToolbox.framework in Frameworks */,
			);
			runOnlyForDeploymentPostprocessing = 0;
		};
/* End PBXFrameworksBuildPhase section */

/* Begin PBXGroup section */
		080E96DDFE201D6D7F000001 /* Classes */ = {
			isa = PBXGroup;
			children = (
				7077E218132370D900E6FFA2 /* New Group1 */,
				7077E2001323476700E6FFA2 /* New Group */,
				1D3623240D0F684500981E51 /* SynthAppDelegate.h */,
				1D3623250D0F684500981E51 /* SynthAppDelegate.m */,
				28D7ACF60DDB3853001CB0EB /* SynthViewController.h */,
				28D7ACF70DDB3853001CB0EB /* SynthViewController.m */,
			);
			path = Classes;
			sourceTree = "<group>";
		};
		19C28FACFE9D520D11CA2CBB /* Products */ = {
			isa = PBXGroup;
			children = (
				1D6058910D05DD3D006BFB54 /* Synth.app */,
			);
			name = Products;
			sourceTree = "<group>";
		};
		29B97314FDCFA39411CA2CEA /* CustomTemplate */ = {
			isa = PBXGroup;
			children = (
				080E96DDFE201D6D7F000001 /* Classes */,
				29B97315FDCFA39411CA2CEA /* Other Sources */,
				29B97317FDCFA39411CA2CEA /* Resources */,
				29B97323FDCFA39411CA2CEA /* Frameworks */,
				19C28FACFE9D520D11CA2CBB /* Products */,
			);
			name = CustomTemplate;
			sourceTree = "<group>";
		};
		29B97315FDCFA39411CA2CEA /* Other Sources */ = {
			isa = PBXGroup;
			children = (
				32CA4F630368D1EE00C91783 /* Synth_Prefix.pch */,
				29B97316FDCFA39411CA2CEA /* main.m */,
			);
			name = "Other Sources";
			sourceTree = "<group>";
		};
		29B97317FDCFA39411CA2CEA /* Resources */ = {
			isa = PBXGroup;
			children = (
				7077E21C132375F500E6FFA2 /* circle.jpg */,
				2899E5210DE3E06400AC0155 /* SynthViewController.xib */,
				8D1107310486CEB800E47090 /* Synth-Info.plist */,
			);
			name = Resources;
			sourceTree = "<group>";
		};
		29B97323FDCFA39411CA2CEA /* Frameworks */ = {
			isa = PBXGroup;
			children = (
				7077E1FE1323456D00E6FFA2 /* AVFoundation.framework */,
				1DF5F4DF0D08C38300B7A737 /* UIKit.framework */,
				1D30AB110D05D00D00671497 /* Foundation.framework */,
				288765A40DF7441C002DB57D /* CoreGraphics.framework */,
				701E45DC132310BD003F5C71 /* AudioToolbox.framework */,
			);
			name = Frameworks;
			sourceTree = "<group>";
		};
		7077E2001323476700E6FFA2 /* New Group */ = {
			isa = PBXGroup;
			children = (
				7077E201132347A700E6FFA2 /* Oscillator.h */,
				7077E202132347A700E6FFA2 /* Oscillator.m */,
				7077E2041323481E00E6FFA2 /* SineOscillator.h */,
				7077E2051323481E00E6FFA2 /* SineOscillator.m */,
				7077E20713234A9E00E6FFA2 /* OscillatorController.h */,
				7077E20813234A9E00E6FFA2 /* OscillatorController.m */,
				70E005BA132766C30081FB79 /* SquareOscillator.h */,
				70E005BB132766C30081FB79 /* SquareOscillator.m */,
				70E005BD132766E50081FB79 /* TriangleOscillator.h */,
				70E005BE132766E50081FB79 /* TriangleOscillator.m */,
			);
			name = "New Group";
			sourceTree = "<group>";
		};
		7077E218132370D900E6FFA2 /* New Group1 */ = {
			isa = PBXGroup;
			children = (
				7077E2191323714F00E6FFA2 /* OscillatorView.h */,
				7077E21A1323714F00E6FFA2 /* OscillatorView.m */,
				70E005C0132774490081FB79 /* RadialMenuViewController.h */,
				70E005C1132774490081FB79 /* RadialMenuViewController.m */,
				70E005C2132774490081FB79 /* RadialMenuViewController.xib */,
			);
			name = "New Group1";
			sourceTree = "<group>";
		};
/* End PBXGroup section */

/* Begin PBXNativeTarget section */
		1D6058900D05DD3D006BFB54 /* Synth */ = {
			isa = PBXNativeTarget;
			buildConfigurationList = 1D6058960D05DD3E006BFB54 /* Build configuration list for PBXNativeTarget "Synth" */;
			buildPhases = (
				1D60588D0D05DD3D006BFB54 /* Resources */,
				1D60588E0D05DD3D006BFB54 /* Sources */,
				1D60588F0D05DD3D006BFB54 /* Frameworks */,
			);
			buildRules = (
			);
			dependencies = (
			);
			name = Synth;
			productName = Synth;
			productReference = 1D6058910D05DD3D006BFB54 /* Synth.app */;
			productType = "com.apple.product-type.application";
		};
/* End PBXNativeTarget section */

/* Begin PBXProject section */
		29B97313FDCFA39411CA2CEA /* Project object */ = {
			isa = PBXProject;
			buildConfigurationList = C01FCF4E08A954540054247B /* Build configuration list for PBXProject "Synth" */;
			compatibilityVersion = "Xcode 3.1";
			developmentRegion = English;
			hasScannedForEncodings = 1;
			knownRegions = (
				English,
				Japanese,
				French,
				German,
			);
			mainGroup = 29B97314FDCFA39411CA2CEA /* CustomTemplate */;
			projectDirPath = "";
			projectRoot = "";
			targets = (
				1D6058900D05DD3D006BFB54 /* Synth */,
			);
		};
/* End PBXProject section */

/* Begin PBXResourcesBuildPhase section */
		1D60588D0D05DD3D006BFB54 /* Resources */ = {
			isa = PBXResourcesBuildPhase;
			buildActionMask = 2147483647;
			files = (
				2899E5220DE3E06400AC0155 /* SynthViewController.xib in Resources */,
				7077E21D132375F500E6FFA2 /* circle.jpg in Resources */,
				70E005C41327744A0081FB79 /* RadialMenuViewController.xib in Resources */,
			);
			runOnlyForDeploymentPostprocessing = 0;
		};
/* End PBXResourcesBuildPhase section */

/* Begin PBXSourcesBuildPhase section */
		1D60588E0D05DD3D006BFB54 /* Sources */ = {
			isa = PBXSourcesBuildPhase;
			buildActionMask = 2147483647;
			files = (
				1D60589B0D05DD56006BFB54 /* main.m in Sources */,
				1D3623260D0F684500981E51 /* SynthAppDelegate.m in Sources */,
				28D7ACF80DDB3853001CB0EB /* SynthViewController.m in Sources */,
				7077E203132347A700E6FFA2 /* Oscillator.m in Sources */,
				7077E2061323481E00E6FFA2 /* SineOscillator.m in Sources */,
				7077E20913234A9F00E6FFA2 /* OscillatorController.m in Sources */,
				7077E21B1323714F00E6FFA2 /* OscillatorView.m in Sources */,
				70E005BC132766C30081FB79 /* SquareOscillator.m in Sources */,
				70E005BF132766E50081FB79 /* TriangleOscillator.m in Sources */,
				70E005C31327744A0081FB79 /* RadialMenuViewController.m in Sources */,
			);
			runOnlyForDeploymentPostprocessing = 0;
		};
/* End PBXSourcesBuildPhase section */

/* Begin XCBuildConfiguration section */
		1D6058940D05DD3E006BFB54 /* Debug */ = {
			isa = XCBuildConfiguration;
			buildSettings = {
				ALWAYS_SEARCH_USER_PATHS = NO;
				COPY_PHASE_STRIP = NO;
				GCC_DYNAMIC_NO_PIC = NO;
				GCC_OPTIMIZATION_LEVEL = 0;
				GCC_PRECOMPILE_PREFIX_HEADER = YES;
				GCC_PREFIX_HEADER = Synth_Prefix.pch;
				INFOPLIST_FILE = "Synth-Info.plist";
				PRODUCT_NAME = Synth;
			};
			name = Debug;
		};
		1D6058950D05DD3E006BFB54 /* Release */ = {
			isa = XCBuildConfiguration;
			buildSettings = {
				ALWAYS_SEARCH_USER_PATHS = NO;
				COPY_PHASE_STRIP = YES;
				GCC_PRECOMPILE_PREFIX_HEADER = YES;
				GCC_PREFIX_HEADER = Synth_Prefix.pch;
				INFOPLIST_FILE = "Synth-Info.plist";
				PRODUCT_NAME = Synth;
				VALIDATE_PRODUCT = YES;
			};
			name = Release;
		};
		C01FCF4F08A954540054247B /* Debug */ = {
			isa = XCBuildConfiguration;
			buildSettings = {
				ARCHS = "$(ARCHS_STANDARD_32_BIT)";
				"CODE_SIGN_IDENTITY[sdk=iphoneos*]" = "iPhone Developer";
				GCC_C_LANGUAGE_STANDARD = c99;
				GCC_WARN_ABOUT_RETURN_TYPE = YES;
				GCC_WARN_UNUSED_VARIABLE = YES;
				PREBINDING = NO;
				SDKROOT = iphoneos;
			};
			name = Debug;
		};
		C01FCF5008A954540054247B /* Release */ = {
			isa = XCBuildConfiguration;
			buildSettings = {
				ARCHS = "$(ARCHS_STANDARD_32_BIT)";
				"CODE_SIGN_IDENTITY[sdk=iphoneos*]" = "iPhone Developer";
				GCC_C_LANGUAGE_STANDARD = c99;
				GCC_WARN_ABOUT_RETURN_TYPE = YES;
				GCC_WARN_UNUSED_VARIABLE = YES;
				OTHER_CFLAGS = "-DNS_BLOCK_ASSERTIONS=1";
				PREBINDING = NO;
				SDKROOT = iphoneos;
			};
			name = Release;
		};
/* End XCBuildConfiguration section */

/* Begin XCConfigurationList section */
		1D6058960D05DD3E006BFB54 /* Build configuration list for PBXNativeTarget "Synth" */ = {
			isa = XCConfigurationList;
			buildConfigurations = (
				1D6058940D05DD3E006BFB54 /* Debug */,
				1D6058950D05DD3E006BFB54 /* Release */,
			);
			defaultConfigurationIsVisible = 0;
			defaultConfigurationName = Release;
		};
		C01FCF4E08A954540054247B /* Build configuration list for PBXProject "Synth" */ = {
			isa = XCConfigurationList;
			buildConfigurations = (
				C01FCF4F08A954540054247B /* Debug */,
				C01FCF5008A954540054247B /* Release */,
			);
			defaultConfigurationIsVisible = 0;
			defaultConfigurationName = Release;
		};
/* End XCConfigurationList section */
	};
	rootObject = 29B97313FDCFA39411CA2CEA /* Project object */;
}
